
Microsoft Visual Studio Solution File, Format Version 12.00
# Visual Studio Version 16
VisualStudioVersion = 16.0.30611.23
MinimumVisualStudioVersion = 10.0.40219.1
Project("{FAE04EC0-301F-11D3-BF4B-00C04F79EFBC}") = "GUCera", "GUCera\GUCera.csproj", "{DDC4988B-1B16-4B0D-99C1-046DE538F9BF}"
EndProject
Global
	GlobalSection(SolutionConfigurationPlatforms) = preSolution
		Debug|Any CPU = Debug|Any CPU
		Release|Any CPU = Release|Any CPU
	EndGlobalSection
	GlobalSection(ProjectConfigurationPlatforms) = postSolution
		{DDC4988B-1B16-4B0D-99C1-046DE538F9BF}.Debug|Any CPU.ActiveCfg = Debug|Any CPU
		{DDC4988B-1B16-4B0D-99C1-046DE538F9BF}.Debug|Any CPU.Build.0 = Debug|Any CPU
		{DDC4988B-1B16-4B0D-99C1-046DE538F9BF}.Release|Any CPU.ActiveCfg = Release|Any CPU
		{DDC4988B-1B16-4B0D-99C1-046DE538F9BF}.Release|Any CPU.Build.0 = Release|Any CPU
	EndGlobalSection
	GlobalSection(SolutionProperties) = preSolution
		HideSolutionNode = FALSE
	EndGlobalSection
	GlobalSection(ExtensibilityGlobals) = postSolution
		SolutionGuid = {9BFD9A9A-2174-4B27-8287-8F2B2CCFA69E}
	EndGlobalSection
EndGlobal
